
Microsoft Visual Studio Solution File, Format Version 12.00
# Visual Studio Version 17
VisualStudioVersion = 17.1.32414.318
MinimumVisualStudioVersion = 10.0.40219.1
Project("{FAE04EC0-301F-11D3-BF4B-00C04F79EFBC}") = "WebApplication1", "WebApplication1\WebApplication1.csproj", "{719846A7-601D-4F4A-9D4C-998F92D41D61}"
EndProject
Global
	GlobalSection(SolutionConfigurationPlatforms) = preSolution
		Debug|Any CPU = Debug|Any CPU
		Release|Any CPU = Release|Any CPU
	EndGlobalSection
	GlobalSection(ProjectConfigurationPlatforms) = postSolution
		{719846A7-601D-4F4A-9D4C-998F92D41D61}.Debug|Any CPU.ActiveCfg = Debug|Any CPU
		{719846A7-601D-4F4A-9D4C-998F92D41D61}.Debug|Any CPU.Build.0 = Debug|Any CPU
		{719846A7-601D-4F4A-9D4C-998F92D41D61}.Release|Any CPU.ActiveCfg = Release|Any CPU
		{719846A7-601D-4F4A-9D4C-998F92D41D61}.Release|Any CPU.Build.0 = Release|Any CPU
	EndGlobalSection
	GlobalSection(SolutionProperties) = preSolution
		HideSolutionNode = FALSE
	EndGlobalSection
	GlobalSection(ExtensibilityGlobals) = postSolution
		SolutionGuid = {201F12F0-9917-462B-892A-E9B7085F8178}
	EndGlobalSection
EndGlobal
